
Microsoft Visual Studio Solution File, Format Version 12.00
# Visual Studio 15
Project("{FAE04EC0-301F-11D3-BF4B-00C04F79EFBC}") = "Assembly-CSharp", "Assembly-CSharp.csproj", "{303D8B83-FFCE-2740-202B-EDD9E2EA8401}"
EndProject
Project("{FAE04EC0-301F-11D3-BF4B-00C04F79EFBC}") = "MicahW.PointGrassRenderer.Runtime", "MicahW.PointGrassRenderer.Runtime.csproj", "{86094664-F6B2-9F16-3B84-4525C43C0FFC}"
EndProject
Project("{FAE04EC0-301F-11D3-BF4B-00C04F79EFBC}") = "Assembly-CSharp-Editor", "Assembly-CSharp-Editor.csproj", "{0FC44646-2896-6769-A002-FCD2A267F7E3}"
EndProject
Project("{FAE04EC0-301F-11D3-BF4B-00C04F79EFBC}") = "MicahW.PointGrassRenderer.Editor", "MicahW.PointGrassRenderer.Editor.csproj", "{C7588C82-D404-84F6-37FC-46DDF47A71FC}"
EndProject
Global
	GlobalSection(SolutionConfigurationPlatforms) = preSolution
		Debug|Any CPU = Debug|Any CPU
		Release|Any CPU = Release|Any CPU
	EndGlobalSection
	GlobalSection(ProjectConfigurationPlatforms) = postSolution
		{303D8B83-FFCE-2740-202B-EDD9E2EA8401}.Debug|Any CPU.ActiveCfg = Debug|Any CPU
		{303D8B83-FFCE-2740-202B-EDD9E2EA8401}.Debug|Any CPU.Build.0 = Debug|Any CPU
		{303D8B83-FFCE-2740-202B-EDD9E2EA8401}.Release|Any CPU.ActiveCfg = Release|Any CPU
		{303D8B83-FFCE-2740-202B-EDD9E2EA8401}.Release|Any CPU.Build.0 = Release|Any CPU
		{86094664-F6B2-9F16-3B84-4525C43C0FFC}.Debug|Any CPU.ActiveCfg = Debug|Any CPU
		{86094664-F6B2-9F16-3B84-4525C43C0FFC}.Debug|Any CPU.Build.0 = Debug|Any CPU
		{86094664-F6B2-9F16-3B84-4525C43C0FFC}.Release|Any CPU.ActiveCfg = Release|Any CPU
		{86094664-F6B2-9F16-3B84-4525C43C0FFC}.Release|Any CPU.Build.0 = Release|Any CPU
		{0FC44646-2896-6769-A002-FCD2A267F7E3}.Debug|Any CPU.ActiveCfg = Debug|Any CPU
		{0FC44646-2896-6769-A002-FCD2A267F7E3}.Debug|Any CPU.Build.0 = Debug|Any CPU
		{0FC44646-2896-6769-A002-FCD2A267F7E3}.Release|Any CPU.ActiveCfg = Release|Any CPU
		{0FC44646-2896-6769-A002-FCD2A267F7E3}.Release|Any CPU.Build.0 = Release|Any CPU
		{C7588C82-D404-84F6-37FC-46DDF47A71FC}.Debug|Any CPU.ActiveCfg = Debug|Any CPU
		{C7588C82-D404-84F6-37FC-46DDF47A71FC}.Debug|Any CPU.Build.0 = Debug|Any CPU
		{C7588C82-D404-84F6-37FC-46DDF47A71FC}.Release|Any CPU.ActiveCfg = Release|Any CPU
		{C7588C82-D404-84F6-37FC-46DDF47A71FC}.Release|Any CPU.Build.0 = Release|Any CPU
	EndGlobalSection
	GlobalSection(SolutionProperties) = preSolution
		HideSolutionNode = FALSE
	EndGlobalSection
EndGlobal
